
Microsoft Visual Studio Solution File, Format Version 12.00
# Visual Studio Version 17
VisualStudioVersion = 17.14.36930.0 d17.14
MinimumVisualStudioVersion = 10.0.40219.1
Project("{FAE04EC0-301F-11D3-BF4B-00C04F79EFBC}") = "AngebotsprüfungWebApp", "AngebotsprüfungWebApp.csproj", "{DA1E54FA-ECC8-05AB-D3EC-F0C040D9443E}"
EndProject
Global
	GlobalSection(SolutionConfigurationPlatforms) = preSolution
		Debug|Any CPU = Debug|Any CPU
		Release|Any CPU = Release|Any CPU
	EndGlobalSection
	GlobalSection(ProjectConfigurationPlatforms) = postSolution
		{DA1E54FA-ECC8-05AB-D3EC-F0C040D9443E}.Debug|Any CPU.ActiveCfg = Debug|Any CPU
		{DA1E54FA-ECC8-05AB-D3EC-F0C040D9443E}.Debug|Any CPU.Build.0 = Debug|Any CPU
		{DA1E54FA-ECC8-05AB-D3EC-F0C040D9443E}.Release|Any CPU.ActiveCfg = Release|Any CPU
		{DA1E54FA-ECC8-05AB-D3EC-F0C040D9443E}.Release|Any CPU.Build.0 = Release|Any CPU
	EndGlobalSection
	GlobalSection(SolutionProperties) = preSolution
		HideSolutionNode = FALSE
	EndGlobalSection
	GlobalSection(ExtensibilityGlobals) = postSolution
		SolutionGuid = {16077394-82EA-4F01-BD0F-315DEE31F1ED}
	EndGlobalSection
EndGlobal
